schema: '2.0'
stages:
  download:
    cmd: .venv/bin/python stages/01_download.py
    deps:
    - path: stages/01_download.py
      hash: md5
      md5: b81a60d37104ec4bbf05a70dfe451321
      size: 2461
    outs:
    - path: download/data.zip
      hash: md5
      md5: 48f8d28a2097ee023946e764ba93de22
      size: 601012750
  build:
    cmd: .venv/bin/python stages/02_build.py
    deps:
    - path: download/data.zip
      hash: md5
      md5: 48f8d28a2097ee023946e764ba93de22
      size: 601012750
    - path: stages/02_build.py
      hash: md5
      md5: bfcbd76e13c167e7532677ba6baadf95
      size: 5636
    outs:
    - path: brick/data.parquet
      hash: md5
      md5: 06e30683631e12f604a3a54c67a04edc
      size: 355294596
